
Microsoft Visual Studio Solution File, Format Version 12.00
# Visual Studio Version 17
VisualStudioVersion = 17.5.33516.290
MinimumVisualStudioVersion = 10.0.40219.1
Project("{FAE04EC0-301F-11D3-BF4B-00C04F79EFBC}") = "Exercice récapitulatif - Heroes Vs Monsters", "Exercice récapitulatif - Heroes Vs Monsters.csproj", "{4EBEBFF6-45EF-4F20-BFD4-3FC4ED0639E6}"
EndProject
Global
	GlobalSection(SolutionConfigurationPlatforms) = preSolution
		Debug|Any CPU = Debug|Any CPU
		Release|Any CPU = Release|Any CPU
	EndGlobalSection
	GlobalSection(ProjectConfigurationPlatforms) = postSolution
		{4EBEBFF6-45EF-4F20-BFD4-3FC4ED0639E6}.Debug|Any CPU.ActiveCfg = Debug|Any CPU
		{4EBEBFF6-45EF-4F20-BFD4-3FC4ED0639E6}.Debug|Any CPU.Build.0 = Debug|Any CPU
		{4EBEBFF6-45EF-4F20-BFD4-3FC4ED0639E6}.Release|Any CPU.ActiveCfg = Release|Any CPU
		{4EBEBFF6-45EF-4F20-BFD4-3FC4ED0639E6}.Release|Any CPU.Build.0 = Release|Any CPU
	EndGlobalSection
	GlobalSection(SolutionProperties) = preSolution
		HideSolutionNode = FALSE
	EndGlobalSection
	GlobalSection(ExtensibilityGlobals) = postSolution
		SolutionGuid = {7A7590B0-1424-4323-BEC2-E0223F1EF350}
	EndGlobalSection
EndGlobal
